{
  "requires": true,
  "lockfileVersion": 1,
  "dependencies": {
    "parse5": {
      "version": "6.0.0",
      "resolved": "https://registry.npmjs.org/parse5/-/parse5-6.0.0.tgz",
      "integrity": "sha512-lC0A+4DefTdRr+DLQlEwwZqndL9VzEjiuegI5bj3hp4bnzzwQldSqCpHv7+msRpSOHGJyJvkcCa4q15LMUJ8rg=="
    },
    "xmlserializer": {
      "version": "0.6.1",
      "resolved": "https://registry.npmjs.org/xmlserializer/-/xmlserializer-0.6.1.tgz",
      "integrity": "sha512-FNb0eEqqUUbnuvxuHqNuKH8qCGKqxu+558Zi8UzOoQk8Z9LdvpONK+v7m3gpKVHrk5Aq+0nNLsKxu/6OYh7Umw=="
    }
  }
}
